
Microsoft Visual Studio Solution File, Format Version 12.00
# Visual Studio 15
VisualStudioVersion = 15.0.28307.757
MinimumVisualStudioVersion = 10.0.40219.1
Project("{FAE04EC0-301F-11D3-BF4B-00C04F79EFBC}") = "TMS_API", "TMS_API\TMS_API.csproj", "{1094362E-D0C4-4402-AA40-86250F6FAD5D}"
EndProject
Global
	GlobalSection(SolutionConfigurationPlatforms) = preSolution
		Debug|Any CPU = Debug|Any CPU
		Release|Any CPU = Release|Any CPU
	EndGlobalSection
	GlobalSection(ProjectConfigurationPlatforms) = postSolution
		{1094362E-D0C4-4402-AA40-86250F6FAD5D}.Debug|Any CPU.ActiveCfg = Debug|Any CPU
		{1094362E-D0C4-4402-AA40-86250F6FAD5D}.Debug|Any CPU.Build.0 = Debug|Any CPU
		{1094362E-D0C4-4402-AA40-86250F6FAD5D}.Release|Any CPU.ActiveCfg = Release|Any CPU
		{1094362E-D0C4-4402-AA40-86250F6FAD5D}.Release|Any CPU.Build.0 = Release|Any CPU
	EndGlobalSection
	GlobalSection(SolutionProperties) = preSolution
		HideSolutionNode = FALSE
	EndGlobalSection
	GlobalSection(ExtensibilityGlobals) = postSolution
		SolutionGuid = {31396020-EDA6-41F9-AD7F-8191F0216FDA}
	EndGlobalSection
EndGlobal
